
Microsoft Visual Studio Solution File, Format Version 12.00
# Visual Studio Version 16
VisualStudioVersion = 16.0.32802.440
MinimumVisualStudioVersion = 10.0.40219.1
Project("{FAE04EC0-301F-11D3-BF4B-00C04F79EFBC}") = "RFinancieros_Facturas", "RFinancieros_Facturas.csproj", "{F1054E01-B3E2-442A-BC40-5A48E07478F2}"
EndProject
Global
	GlobalSection(SolutionConfigurationPlatforms) = preSolution
		Debug|Any CPU = Debug|Any CPU
		Release|Any CPU = Release|Any CPU
	EndGlobalSection
	GlobalSection(ProjectConfigurationPlatforms) = postSolution
		{F1054E01-B3E2-442A-BC40-5A48E07478F2}.Debug|Any CPU.ActiveCfg = Debug|Any CPU
		{F1054E01-B3E2-442A-BC40-5A48E07478F2}.Debug|Any CPU.Build.0 = Debug|Any CPU
		{F1054E01-B3E2-442A-BC40-5A48E07478F2}.Release|Any CPU.ActiveCfg = Release|Any CPU
		{F1054E01-B3E2-442A-BC40-5A48E07478F2}.Release|Any CPU.Build.0 = Release|Any CPU
	EndGlobalSection
	GlobalSection(SolutionProperties) = preSolution
		HideSolutionNode = FALSE
	EndGlobalSection
	GlobalSection(ExtensibilityGlobals) = postSolution
		SolutionGuid = {BE65A890-5057-4D53-8A83-8502BCAE30BC}
	EndGlobalSection
EndGlobal
